// !$*UTF8*$!
{
	archiveVersion = 1;
	classes = {
	};
	objectVersion = 50;
	objects = {

/* Begin PBXBuildFile section */
		2E3DC2A42090C77200328142 /* ViewController.swift in Sources */ = {isa = PBXBuildFile; fileRef = 2E3DC2A32090C77200328142 /* ViewController.swift */; };
		2E3DC2A72090C77300328142 /* Main.storyboard in Resources */ = {isa = PBXBuildFile; fileRef = 2E3DC2A52090C77300328142 /* Main.storyboard */; };
		2E3DC2A92090C77400328142 /* Assets.xcassets in Resources */ = {isa = PBXBuildFile; fileRef = 2E3DC2A82090C77400328142 /* Assets.xcassets */; };
		2E3DC2AC2090C77400328142 /* LaunchScreen.storyboard in Resources */ = {isa = PBXBuildFile; fileRef = 2E3DC2AA2090C77400328142 /* LaunchScreen.storyboard */; };
		2EB58749EA56DB5D9BC63E41 /* Pods_Test2_ProblemSolving.framework in Frameworks */ = {isa = PBXBuildFile; fileRef = 17A9FADBD12947DD7EEACA84 /* Pods_Test2_ProblemSolving.framework */; };
		500CC579221804E80065186E /* AppDelegate.swift in Sources */ = {isa = PBXBuildFile; fileRef = 2E3DC2A12090C77200328142 /* AppDelegate.swift */; };
		500CC57A221805820065186E /* libAgentMate.a in Frameworks */ = {isa = PBXBuildFile; fileRef = 2E3DC2C02090E74F00328142 /* libAgentMate.a */; };
		500CC584221807240065186E /* MBProgressHUD.framework in Frameworks */ = {isa = PBXBuildFile; fileRef = 2E3DC2B92090DA0900328142 /* MBProgressHUD.framework */; };
		500CC585221807240065186E /* MBProgressHUD.framework in Embed Frameworks */ = {isa = PBXBuildFile; fileRef = 2E3DC2B92090DA0900328142 /* MBProgressHUD.framework */; settings = {ATTRIBUTES = (CodeSignOnCopy, RemoveHeadersOnCopy, ); }; };
/* End PBXBuildFile section */

/* Begin PBXCopyFilesBuildPhase section */
		500CC586221807240065186E /* Embed Frameworks */ = {
			isa = PBXCopyFilesBuildPhase;
			buildActionMask = 2147483647;
			dstPath = "";
			dstSubfolderSpec = 10;
			files = (
				500CC585221807240065186E /* MBProgressHUD.framework in Embed Frameworks */,
			);
			name = "Embed Frameworks";
			runOnlyForDeploymentPostprocessing = 0;
		};
/* End PBXCopyFilesBuildPhase section */

/* Begin PBXFileReference section */
		0977064CD6C2DA69E9B88160 /* Pods-Test2_ProblemSolving.debug.xcconfig */ = {isa = PBXFileReference; includeInIndex = 1; lastKnownFileType = text.xcconfig; name = "Pods-Test2_ProblemSolving.debug.xcconfig"; path = "Pods/Target Support Files/Pods-Test2_ProblemSolving/Pods-Test2_ProblemSolving.debug.xcconfig"; sourceTree = "<group>"; };
		17A9FADBD12947DD7EEACA84 /* Pods_Test2_ProblemSolving.framework */ = {isa = PBXFileReference; explicitFileType = wrapper.framework; includeInIndex = 0; path = Pods_Test2_ProblemSolving.framework; sourceTree = BUILT_PRODUCTS_DIR; };
		2E3DC29E2090C77200328142 /* Test2_ProblemSolving.app */ = {isa = PBXFileReference; explicitFileType = wrapper.application; includeInIndex = 0; path = Test2_ProblemSolving.app; sourceTree = BUILT_PRODUCTS_DIR; };
		2E3DC2A12090C77200328142 /* AppDelegate.swift */ = {isa = PBXFileReference; lastKnownFileType = sourcecode.swift; path = AppDelegate.swift; sourceTree = "<group>"; };
		2E3DC2A32090C77200328142 /* ViewController.swift */ = {isa = PBXFileReference; lastKnownFileType = sourcecode.swift; path = ViewController.swift; sourceTree = "<group>"; };
		2E3DC2A62090C77300328142 /* Base */ = {isa = PBXFileReference; lastKnownFileType = file.storyboard; name = Base; path = Base.lproj/Main.storyboard; sourceTree = "<group>"; };
		2E3DC2A82090C77400328142 /* Assets.xcassets */ = {isa = PBXFileReference; lastKnownFileType = folder.assetcatalog; path = Assets.xcassets; sourceTree = "<group>"; };
		2E3DC2AB2090C77400328142 /* Base */ = {isa = PBXFileReference; lastKnownFileType = file.storyboard; name = Base; path = Base.lproj/LaunchScreen.storyboard; sourceTree = "<group>"; };
		2E3DC2AD2090C77400328142 /* Info.plist */ = {isa = PBXFileReference; lastKnownFileType = text.plist.xml; path = Info.plist; sourceTree = "<group>"; };
		2E3DC2B62090D51B00328142 /* THSarabunNew.ttf */ = {isa = PBXFileReference; lastKnownFileType = file; path = THSarabunNew.ttf; sourceTree = "<group>"; };
		2E3DC2B92090DA0900328142 /* MBProgressHUD.framework */ = {isa = PBXFileReference; lastKnownFileType = wrapper.framework; name = MBProgressHUD.framework; path = Test2_ProblemSolving/MBProgressHUD.framework; sourceTree = "<group>"; };
		2E3DC2C02090E74F00328142 /* libAgentMate.a */ = {isa = PBXFileReference; lastKnownFileType = archive.ar; name = libAgentMate.a; path = Test2_ProblemSolving/libAgentMate.a; sourceTree = "<group>"; };
		94657816CBEEB4F8DA1A8A2E /* Pods-Test2_ProblemSolving.release.xcconfig */ = {isa = PBXFileReference; includeInIndex = 1; lastKnownFileType = text.xcconfig; name = "Pods-Test2_ProblemSolving.release.xcconfig"; path = "Pods/Target Support Files/Pods-Test2_ProblemSolving/Pods-Test2_ProblemSolving.release.xcconfig"; sourceTree = "<group>"; };
/* End PBXFileReference section */

/* Begin PBXFrameworksBuildPhase section */
		2E3DC29B2090C77200328142 /* Frameworks */ = {
			isa = PBXFrameworksBuildPhase;
			buildActionMask = 2147483647;
			files = (
				500CC57A221805820065186E /* libAgentMate.a in Frameworks */,
				2EB58749EA56DB5D9BC63E41 /* Pods_Test2_ProblemSolving.framework in Frameworks */,
				500CC584221807240065186E /* MBProgressHUD.framework in Frameworks */,
			);
			runOnlyForDeploymentPostprocessing = 0;
		};
/* End PBXFrameworksBuildPhase section */

/* Begin PBXGroup section */
		2E3DC2952090C77200328142 = {
			isa = PBXGroup;
			children = (
				2E3DC2A02090C77200328142 /* Test2_ProblemSolving */,
				2E3DC29F2090C77200328142 /* Products */,
				F2D2A17F154CADD520BB89DD /* Pods */,
				D110FDE159913247A46CE1C4 /* Frameworks */,
			);
			sourceTree = "<group>";
		};
		2E3DC29F2090C77200328142 /* Products */ = {
			isa = PBXGroup;
			children = (
				2E3DC29E2090C77200328142 /* Test2_ProblemSolving.app */,
			);
			name = Products;
			sourceTree = "<group>";
		};
		2E3DC2A02090C77200328142 /* Test2_ProblemSolving */ = {
			isa = PBXGroup;
			children = (
				2E3DC2A12090C77200328142 /* AppDelegate.swift */,
				2E3DC2A32090C77200328142 /* ViewController.swift */,
				2E3DC2A52090C77300328142 /* Main.storyboard */,
				2E3DC2A82090C77400328142 /* Assets.xcassets */,
				2E3DC2B32090CF2E00328142 /* Resources */,
				2E3DC2AA2090C77400328142 /* LaunchScreen.storyboard */,
				2E3DC2AD2090C77400328142 /* Info.plist */,
			);
			path = Test2_ProblemSolving;
			sourceTree = "<group>";
		};
		2E3DC2B32090CF2E00328142 /* Resources */ = {
			isa = PBXGroup;
			children = (
				2E3DC2B62090D51B00328142 /* THSarabunNew.ttf */,
			);
			path = Resources;
			sourceTree = "<group>";
		};
		D110FDE159913247A46CE1C4 /* Frameworks */ = {
			isa = PBXGroup;
			children = (
				2E3DC2C02090E74F00328142 /* libAgentMate.a */,
				2E3DC2B92090DA0900328142 /* MBProgressHUD.framework */,
				17A9FADBD12947DD7EEACA84 /* Pods_Test2_ProblemSolving.framework */,
			);
			name = Frameworks;
			sourceTree = "<group>";
		};
		F2D2A17F154CADD520BB89DD /* Pods */ = {
			isa = PBXGroup;
			children = (
				0977064CD6C2DA69E9B88160 /* Pods-Test2_ProblemSolving.debug.xcconfig */,
				94657816CBEEB4F8DA1A8A2E /* Pods-Test2_ProblemSolving.release.xcconfig */,
			);
			name = Pods;
			sourceTree = "<group>";
		};
/* End PBXGroup section */

/* Begin PBXNativeTarget section */
		2E3DC29D2090C77200328142 /* Test2_ProblemSolving */ = {
			isa = PBXNativeTarget;
			buildConfigurationList = 2E3DC2B02090C77400328142 /* Build configuration list for PBXNativeTarget "Test2_ProblemSolving" */;
			buildPhases = (
				E8B2527B9CD3D879F0638CE8 /* [CP] Check Pods Manifest.lock */,
				2E3DC29A2090C77200328142 /* Sources */,
				2E3DC29B2090C77200328142 /* Frameworks */,
				2E3DC29C2090C77200328142 /* Resources */,
				80A563D313F4D4E848AE8517 /* [CP] Embed Pods Frameworks */,
				500CC586221807240065186E /* Embed Frameworks */,
			);
			buildRules = (
			);
			dependencies = (
			);
			name = Test2_ProblemSolving;
			productName = Test2_ProblemSolving;
			productReference = 2E3DC29E2090C77200328142 /* Test2_ProblemSolving.app */;
			productType = "com.apple.product-type.application";
		};
/* End PBXNativeTarget section */

/* Begin PBXProject section */
		2E3DC2962090C77200328142 /* Project object */ = {
			isa = PBXProject;
			attributes = {
				LastSwiftUpdateCheck = 0930;
				LastUpgradeCheck = 0930;
				ORGANIZATIONNAME = AppMan;
				TargetAttributes = {
					2E3DC29D2090C77200328142 = {
						CreatedOnToolsVersion = 9.3;
					};
				};
			};
			buildConfigurationList = 2E3DC2992090C77200328142 /* Build configuration list for PBXProject "Test2_ProblemSolving" */;
			compatibilityVersion = "Xcode 9.3";
			developmentRegion = en;
			hasScannedForEncodings = 0;
			knownRegions = (
				en,
				Base,
			);
			mainGroup = 2E3DC2952090C77200328142;
			productRefGroup = 2E3DC29F2090C77200328142 /* Products */;
			projectDirPath = "";
			projectRoot = "";
			targets = (
				2E3DC29D2090C77200328142 /* Test2_ProblemSolving */,
			);
		};
/* End PBXProject section */

/* Begin PBXResourcesBuildPhase section */
		2E3DC29C2090C77200328142 /* Resources */ = {
			isa = PBXResourcesBuildPhase;
			buildActionMask = 2147483647;
			files = (
				2E3DC2AC2090C77400328142 /* LaunchScreen.storyboard in Resources */,
				2E3DC2A92090C77400328142 /* Assets.xcassets in Resources */,
				2E3DC2A72090C77300328142 /* Main.storyboard in Resources */,
			);
			runOnlyForDeploymentPostprocessing = 0;
		};
/* End PBXResourcesBuildPhase section */

/* Begin PBXShellScriptBuildPhase section */
		80A563D313F4D4E848AE8517 /* [CP] Embed Pods Frameworks */ = {
			isa = PBXShellScriptBuildPhase;
			buildActionMask = 2147483647;
			files = (
			);
			inputPaths = (
				"${SRCROOT}/Pods/Target Support Files/Pods-Test2_ProblemSolving/Pods-Test2_ProblemSolving-frameworks.sh",
				"${BUILT_PRODUCTS_DIR}/Alamofire/Alamofire.framework",
			);
			name = "[CP] Embed Pods Frameworks";
			outputPaths = (
				"${TARGET_BUILD_DIR}/${FRAMEWORKS_FOLDER_PATH}/Alamofire.framework",
			);
			runOnlyForDeploymentPostprocessing = 0;
			shellPath = /bin/sh;
			shellScript = "\"${SRCROOT}/Pods/Target Support Files/Pods-Test2_ProblemSolving/Pods-Test2_ProblemSolving-frameworks.sh\"\n";
			showEnvVarsInLog = 0;
		};
		E8B2527B9CD3D879F0638CE8 /* [CP] Check Pods Manifest.lock */ = {
			isa = PBXShellScriptBuildPhase;
			buildActionMask = 2147483647;
			files = (
			);
			inputPaths = (
				"${PODS_PODFILE_DIR_PATH}/Podfile.lock",
				"${PODS_ROOT}/Manifest.lock",
			);
			name = "[CP] Check Pods Manifest.lock";
			outputPaths = (
				"$(DERIVED_FILE_DIR)/Pods-Test2_ProblemSolving-checkManifestLockResult.txt",
			);
			runOnlyForDeploymentPostprocessing = 0;
			shellPath = /bin/sh;
			shellScript = "diff \"${PODS_PODFILE_DIR_PATH}/Podfile.lock\" \"${PODS_ROOT}/Manifest.lock\" > /dev/null\nif [ $? != 0 ] ; then\n    # print error to STDERR\n    echo \"error: The sandbox is not in sync with the Podfile.lock. Run 'pod install' or update your CocoaPods installation.\" >&2\n    exit 1\nfi\n# This output is used by Xcode 'outputs' to avoid re-running this script phase.\necho \"SUCCESS\" > \"${SCRIPT_OUTPUT_FILE_0}\"\n";
			showEnvVarsInLog = 0;
		};
/* End PBXShellScriptBuildPhase section */

/* Begin PBXSourcesBuildPhase section */
		2E3DC29A2090C77200328142 /* Sources */ = {
			isa = PBXSourcesBuildPhase;
			buildActionMask = 2147483647;
			files = (
				500CC579221804E80065186E /* AppDelegate.swift in Sources */,
				2E3DC2A42090C77200328142 /* ViewController.swift in Sources */,
			);
			runOnlyForDeploymentPostprocessing = 0;
		};
/* End PBXSourcesBuildPhase section */

/* Begin PBXVariantGroup section */
		2E3DC2A52090C77300328142 /* Main.storyboard */ = {
			isa = PBXVariantGroup;
			children = (
				2E3DC2A62090C77300328142 /* Base */,
			);
			name = Main.storyboard;
			sourceTree = "<group>";
		};
		2E3DC2AA2090C77400328142 /* LaunchScreen.storyboard */ = {
			isa = PBXVariantGroup;
			children = (
				2E3DC2AB2090C77400328142 /* Base */,
			);
			name = LaunchScreen.storyboard;
			sourceTree = "<group>";
		};
/* End PBXVariantGroup section */

/* Begin XCBuildConfiguration section */
		2E3DC2AE2090C77400328142 /* Debug */ = {
			isa = XCBuildConfiguration;
			buildSettings = {
				ALWAYS_SEARCH_USER_PATHS = NO;
				CLANG_ANALYZER_NONNULL = YES;
				CLANG_ANALYZER_NUMBER_OBJECT_CONVERSION = YES_AGGRESSIVE;
				CLANG_CXX_LANGUAGE_STANDARD = "gnu++14";
				CLANG_CXX_LIBRARY = "libc++";
				CLANG_ENABLE_MODULES = YES;
				CLANG_ENABLE_OBJC_ARC = YES;
				CLANG_ENABLE_OBJC_WEAK = YES;
				CLANG_WARN_BLOCK_CAPTURE_AUTORELEASING = YES;
				CLANG_WARN_BOOL_CONVERSION = YES;
				CLANG_WARN_COMMA = YES;
				CLANG_WARN_CONSTANT_CONVERSION = YES;
				CLANG_WARN_DEPRECATED_OBJC_IMPLEMENTATIONS = YES;
				CLANG_WARN_DIRECT_OBJC_ISA_USAGE = YES_ERROR;
				CLANG_WARN_DOCUMENTATION_COMMENTS = YES;
				CLANG_WARN_EMPTY_BODY = YES;
				CLANG_WARN_ENUM_CONVERSION = YES;
				CLANG_WARN_INFINITE_RECURSION = YES;
				CLANG_WARN_INT_CONVERSION = YES;
				CLANG_WARN_NON_LITERAL_NULL_CONVERSION = YES;
				CLANG_WARN_OBJC_IMPLICIT_RETAIN_SELF = YES;
				CLANG_WARN_OBJC_LITERAL_CONVERSION = YES;
				CLANG_WARN_OBJC_ROOT_CLASS = YES_ERROR;
				CLANG_WARN_RANGE_LOOP_ANALYSIS = YES;
				CLANG_WARN_STRICT_PROTOTYPES = YES;
				CLANG_WARN_SUSPICIOUS_MOVE = YES;
				CLANG_WARN_UNGUARDED_AVAILABILITY = YES_AGGRESSIVE;
				CLANG_WARN_UNREACHABLE_CODE = YES;
				CLANG_WARN__DUPLICATE_METHOD_MATCH = YES;
				CODE_SIGN_IDENTITY = "iPhone Developer";
				COPY_PHASE_STRIP = NO;
				DEBUG_INFORMATION_FORMAT = dwarf;
				ENABLE_STRICT_OBJC_MSGSEND = YES;
				ENABLE_TESTABILITY = YES;
				GCC_C_LANGUAGE_STANDARD = gnu11;
				GCC_DYNAMIC_NO_PIC = NO;
				GCC_NO_COMMON_BLOCKS = YES;
				GCC_OPTIMIZATION_LEVEL = 0;
				GCC_PREPROCESSOR_DEFINITIONS = (
					"DEBUG=1",
					"$(inherited)",
				);
				GCC_WARN_64_TO_32_BIT_CONVERSION = YES;
				GCC_WARN_ABOUT_RETURN_TYPE = YES_ERROR;
				GCC_WARN_UNDECLARED_SELECTOR = YES;
				GCC_WARN_UNINITIALIZED_AUTOS = YES_AGGRESSIVE;
				GCC_WARN_UNUSED_FUNCTION = YES;
				GCC_WARN_UNUSED_VARIABLE = YES;
				IPHONEOS_DEPLOYMENT_TARGET = 11.3;
				MTL_ENABLE_DEBUG_INFO = YES;
				ONLY_ACTIVE_ARCH = YES;
				SDKROOT = iphoneos;
				SWIFT_ACTIVE_COMPILATION_CONDITIONS = DEBUG;
				SWIFT_OPTIMIZATION_LEVEL = "-Onone";
			};
			name = Debug;
		};
		2E3DC2AF2090C77400328142 /* Release */ = {
			isa = XCBuildConfiguration;
			buildSettings = {
				ALWAYS_SEARCH_USER_PATHS = NO;
				CLANG_ANALYZER_NONNULL = YES;
				CLANG_ANALYZER_NUMBER_OBJECT_CONVERSION = YES_AGGRESSIVE;
				CLANG_CXX_LANGUAGE_STANDARD = "gnu++14";
				CLANG_CXX_LIBRARY = "libc++";
				CLANG_ENABLE_MODULES = YES;
				CLANG_ENABLE_OBJC_ARC = YES;
				CLANG_ENABLE_OBJC_WEAK = YES;
				CLANG_WARN_BLOCK_CAPTURE_AUTORELEASING = YES;
				CLANG_WARN_BOOL_CONVERSION = YES;
				CLANG_WARN_COMMA = YES;
				CLANG_WARN_CONSTANT_CONVERSION = YES;
				CLANG_WARN_DEPRECATED_OBJC_IMPLEMENTATIONS = YES;
				CLANG_WARN_DIRECT_OBJC_ISA_USAGE = YES_ERROR;
				CLANG_WARN_DOCUMENTATION_COMMENTS = YES;
				CLANG_WARN_EMPTY_BODY = YES;
				CLANG_WARN_ENUM_CONVERSION = YES;
				CLANG_WARN_INFINITE_RECURSION = YES;
				CLANG_WARN_INT_CONVERSION = YES;
				CLANG_WARN_NON_LITERAL_NULL_CONVERSION = YES;
				CLANG_WARN_OBJC_IMPLICIT_RETAIN_SELF = YES;
				CLANG_WARN_OBJC_LITERAL_CONVERSION = YES;
				CLANG_WARN_OBJC_ROOT_CLASS = YES_ERROR;
				CLANG_WARN_RANGE_LOOP_ANALYSIS = YES;
				CLANG_WARN_STRICT_PROTOTYPES = YES;
				CLANG_WARN_SUSPICIOUS_MOVE = YES;
				CLANG_WARN_UNGUARDED_AVAILABILITY = YES_AGGRESSIVE;
				CLANG_WARN_UNREACHABLE_CODE = YES;
				CLANG_WARN__DUPLICATE_METHOD_MATCH = YES;
				CODE_SIGN_IDENTITY = "iPhone Developer";
				COPY_PHASE_STRIP = NO;
				DEBUG_INFORMATION_FORMAT = "dwarf-with-dsym";
				ENABLE_NS_ASSERTIONS = NO;
				ENABLE_STRICT_OBJC_MSGSEND = YES;
				GCC_C_LANGUAGE_STANDARD = gnu11;
				GCC_NO_COMMON_BLOCKS = YES;
				GCC_WARN_64_TO_32_BIT_CONVERSION = YES;
				GCC_WARN_ABOUT_RETURN_TYPE = YES_ERROR;
				GCC_WARN_UNDECLARED_SELECTOR = YES;
				GCC_WARN_UNINITIALIZED_AUTOS = YES_AGGRESSIVE;
				GCC_WARN_UNUSED_FUNCTION = YES;
				GCC_WARN_UNUSED_VARIABLE = YES;
				IPHONEOS_DEPLOYMENT_TARGET = 11.3;
				MTL_ENABLE_DEBUG_INFO = NO;
				SDKROOT = iphoneos;
				SWIFT_COMPILATION_MODE = wholemodule;
				SWIFT_OPTIMIZATION_LEVEL = "-O";
				VALIDATE_PRODUCT = YES;
			};
			name = Release;
		};
		2E3DC2B12090C77400328142 /* Debug */ = {
			isa = XCBuildConfiguration;
			baseConfigurationReference = 0977064CD6C2DA69E9B88160 /* Pods-Test2_ProblemSolving.debug.xcconfig */;
			buildSettings = {
				ASSETCATALOG_COMPILER_APPICON_NAME = AppIcon;
				CODE_SIGN_STYLE = Automatic;
				DEVELOPMENT_TEAM = 737YM5KQ4T;
				FRAMEWORK_SEARCH_PATHS = (
					"$(inherited)",
					"$(PROJECT_DIR)/Test2_ProblemSolving",
				);
				INFOPLIST_FILE = Test2_ProblemSolving/Info.plist;
				IPHONEOS_DEPLOYMENT_TARGET = 10.0;
				LD_RUNPATH_SEARCH_PATHS = (
					"$(inherited)",
					"@executable_path/Frameworks",
				);
				LIBRARY_SEARCH_PATHS = (
					"$(inherited)",
					"$(PROJECT_DIR)/Test2_ProblemSolving",
				);
				PRODUCT_BUNDLE_IDENTIFIER = "th.co.appman.Test2-ProblemSolving";
				PRODUCT_NAME = "$(TARGET_NAME)";
				SWIFT_VERSION = 4.0;
				TARGETED_DEVICE_FAMILY = "1,2";
			};
			name = Debug;
		};
		2E3DC2B22090C77400328142 /* Release */ = {
			isa = XCBuildConfiguration;
			baseConfigurationReference = 94657816CBEEB4F8DA1A8A2E /* Pods-Test2_ProblemSolving.release.xcconfig */;
			buildSettings = {
				ASSETCATALOG_COMPILER_APPICON_NAME = AppIcon;
				CODE_SIGN_STYLE = Automatic;
				DEVELOPMENT_TEAM = 737YM5KQ4T;
				FRAMEWORK_SEARCH_PATHS = (
					"$(inherited)",
					"$(PROJECT_DIR)/Test2_ProblemSolving",
				);
				INFOPLIST_FILE = Test2_ProblemSolving/Info.plist;
				IPHONEOS_DEPLOYMENT_TARGET = 10.0;
				LD_RUNPATH_SEARCH_PATHS = (
					"$(inherited)",
					"@executable_path/Frameworks",
				);
				LIBRARY_SEARCH_PATHS = (
					"$(inherited)",
					"$(PROJECT_DIR)/Test2_ProblemSolving",
				);
				PRODUCT_BUNDLE_IDENTIFIER = "th.co.appman.Test2-ProblemSolving";
				PRODUCT_NAME = "$(TARGET_NAME)";
				SWIFT_VERSION = 4.0;
				TARGETED_DEVICE_FAMILY = "1,2";
			};
			name = Release;
		};
/* End XCBuildConfiguration section */

/* Begin XCConfigurationList section */
		2E3DC2992090C77200328142 /* Build configuration list for PBXProject "Test2_ProblemSolving" */ = {
			isa = XCConfigurationList;
			buildConfigurations = (
				2E3DC2AE2090C77400328142 /* Debug */,
				2E3DC2AF2090C77400328142 /* Release */,
			);
			defaultConfigurationIsVisible = 0;
			defaultConfigurationName = Release;
		};
		2E3DC2B02090C77400328142 /* Build configuration list for PBXNativeTarget "Test2_ProblemSolving" */ = {
			isa = XCConfigurationList;
			buildConfigurations = (
				2E3DC2B12090C77400328142 /* Debug */,
				2E3DC2B22090C77400328142 /* Release */,
			);
			defaultConfigurationIsVisible = 0;
			defaultConfigurationName = Release;
		};
/* End XCConfigurationList section */
	};
	rootObject = 2E3DC2962090C77200328142 /* Project object */;
}
